
Microsoft Visual Studio Solution File, Format Version 12.00
# Visual Studio Version 16
VisualStudioVersion = 16.6.30114.105
MinimumVisualStudioVersion = 10.0.40219.1
Project("{FAE04EC0-301F-11D3-BF4B-00C04F79EFBC}") = "PrimeService", "primeservice\PrimeService.csproj", "{75265BCD-B70E-4073-A97F-E49CA2326C1C}"
EndProject
Project("{FAE04EC0-301F-11D3-BF4B-00C04F79EFBC}") = "PrimeService.Tests", "PrimeService.Tests\PrimeService.Tests.csproj", "{117C35E5-6FDD-456D-A2EB-EF70EF97C7A1}"
EndProject
Global
	GlobalSection(SolutionConfigurationPlatforms) = preSolution
		Debug|Any CPU = Debug|Any CPU
		Debug|x64 = Debug|x64
		Debug|x86 = Debug|x86
		Release|Any CPU = Release|Any CPU
		Release|x64 = Release|x64
		Release|x86 = Release|x86
	EndGlobalSection
	GlobalSection(SolutionProperties) = preSolution
		HideSolutionNode = FALSE
	EndGlobalSection
	GlobalSection(ProjectConfigurationPlatforms) = postSolution
		{75265BCD-B70E-4073-A97F-E49CA2326C1C}.Debug|Any CPU.ActiveCfg = Debug|Any CPU
		{75265BCD-B70E-4073-A97F-E49CA2326C1C}.Debug|Any CPU.Build.0 = Debug|Any CPU
		{75265BCD-B70E-4073-A97F-E49CA2326C1C}.Debug|x64.ActiveCfg = Debug|Any CPU
		{75265BCD-B70E-4073-A97F-E49CA2326C1C}.Debug|x64.Build.0 = Debug|Any CPU
		{75265BCD-B70E-4073-A97F-E49CA2326C1C}.Debug|x86.ActiveCfg = Debug|Any CPU
		{75265BCD-B70E-4073-A97F-E49CA2326C1C}.Debug|x86.Build.0 = Debug|Any CPU
		{75265BCD-B70E-4073-A97F-E49CA2326C1C}.Release|Any CPU.ActiveCfg = Release|Any CPU
		{75265BCD-B70E-4073-A97F-E49CA2326C1C}.Release|Any CPU.Build.0 = Release|Any CPU
		{75265BCD-B70E-4073-A97F-E49CA2326C1C}.Release|x64.ActiveCfg = Release|Any CPU
		{75265BCD-B70E-4073-A97F-E49CA2326C1C}.Release|x64.Build.0 = Release|Any CPU
		{75265BCD-B70E-4073-A97F-E49CA2326C1C}.Release|x86.ActiveCfg = Release|Any CPU
		{75265BCD-B70E-4073-A97F-E49CA2326C1C}.Release|x86.Build.0 = Release|Any CPU
		{117C35E5-6FDD-456D-A2EB-EF70EF97C7A1}.Debug|Any CPU.ActiveCfg = Debug|Any CPU
		{117C35E5-6FDD-456D-A2EB-EF70EF97C7A1}.Debug|Any CPU.Build.0 = Debug|Any CPU
		{117C35E5-6FDD-456D-A2EB-EF70EF97C7A1}.Debug|x64.ActiveCfg = Debug|Any CPU
		{117C35E5-6FDD-456D-A2EB-EF70EF97C7A1}.Debug|x64.Build.0 = Debug|Any CPU
		{117C35E5-6FDD-456D-A2EB-EF70EF97C7A1}.Debug|x86.ActiveCfg = Debug|Any CPU
		{117C35E5-6FDD-456D-A2EB-EF70EF97C7A1}.Debug|x86.Build.0 = Debug|Any CPU
		{117C35E5-6FDD-456D-A2EB-EF70EF97C7A1}.Release|Any CPU.ActiveCfg = Release|Any CPU
		{117C35E5-6FDD-456D-A2EB-EF70EF97C7A1}.Release|Any CPU.Build.0 = Release|Any CPU
		{117C35E5-6FDD-456D-A2EB-EF70EF97C7A1}.Release|x64.ActiveCfg = Release|Any CPU
		{117C35E5-6FDD-456D-A2EB-EF70EF97C7A1}.Release|x64.Build.0 = Release|Any CPU
		{117C35E5-6FDD-456D-A2EB-EF70EF97C7A1}.Release|x86.ActiveCfg = Release|Any CPU
		{117C35E5-6FDD-456D-A2EB-EF70EF97C7A1}.Release|x86.Build.0 = Release|Any CPU
	EndGlobalSection
EndGlobal
